
Microsoft Visual Studio Solution File, Format Version 12.00
# Visual Studio Version 16
VisualStudioVersion = 16.0.31410.357
MinimumVisualStudioVersion = 10.0.40219.1
Project("{FAE04EC0-301F-11D3-BF4B-00C04F79EFBC}") = "QueryRunner", "QueryRunner.csproj", "{2D9C4140-37FB-46E3-A361-623A82D7367C}"
EndProject
Global
	GlobalSection(SolutionConfigurationPlatforms) = preSolution
		Debug|Any CPU = Debug|Any CPU
		Release|Any CPU = Release|Any CPU
	EndGlobalSection
	GlobalSection(ProjectConfigurationPlatforms) = postSolution
		{2D9C4140-37FB-46E3-A361-623A82D7367C}.Debug|Any CPU.ActiveCfg = Debug|Any CPU
		{2D9C4140-37FB-46E3-A361-623A82D7367C}.Debug|Any CPU.Build.0 = Debug|Any CPU
		{2D9C4140-37FB-46E3-A361-623A82D7367C}.Release|Any CPU.ActiveCfg = Release|Any CPU
		{2D9C4140-37FB-46E3-A361-623A82D7367C}.Release|Any CPU.Build.0 = Release|Any CPU
	EndGlobalSection
	GlobalSection(SolutionProperties) = preSolution
		HideSolutionNode = FALSE
	EndGlobalSection
	GlobalSection(ExtensibilityGlobals) = postSolution
		SolutionGuid = {6A472002-F001-4A90-8B73-A74AF102FAE3}
	EndGlobalSection
EndGlobal
